// !$*UTF8*$!
{
	archiveVersion = 1;
	classes = {
	};
	objectVersion = 55;
	objects = {

/* Begin PBXBuildFile section */
		6D86853928C1664A0022AF07 /* WarGameApp.swift in Sources */ = {isa = PBXBuildFile; fileRef = 6D86853828C1664A0022AF07 /* WarGameApp.swift */; };
		6D86853B28C1664A0022AF07 /* ContentView.swift in Sources */ = {isa = PBXBuildFile; fileRef = 6D86853A28C1664A0022AF07 /* ContentView.swift */; };
		6D86853D28C1664B0022AF07 /* Assets.xcassets in Resources */ = {isa = PBXBuildFile; fileRef = 6D86853C28C1664B0022AF07 /* Assets.xcassets */; };
		6D86854028C1664B0022AF07 /* Preview Assets.xcassets in Resources */ = {isa = PBXBuildFile; fileRef = 6D86853F28C1664B0022AF07 /* Preview Assets.xcassets */; };
		6D86854A28C1664B0022AF07 /* WarGameTests.swift in Sources */ = {isa = PBXBuildFile; fileRef = 6D86854928C1664B0022AF07 /* WarGameTests.swift */; };
		6D86855428C1664B0022AF07 /* WarGameUITests.swift in Sources */ = {isa = PBXBuildFile; fileRef = 6D86855328C1664B0022AF07 /* WarGameUITests.swift */; };
		6D86855628C1664B0022AF07 /* WarGameUITestsLaunchTests.swift in Sources */ = {isa = PBXBuildFile; fileRef = 6D86855528C1664B0022AF07 /* WarGameUITestsLaunchTests.swift */; };
/* End PBXBuildFile section */

/* Begin PBXContainerItemProxy section */
		6D86854628C1664B0022AF07 /* PBXContainerItemProxy */ = {
			isa = PBXContainerItemProxy;
			containerPortal = 6D86852D28C1664A0022AF07 /* Project object */;
			proxyType = 1;
			remoteGlobalIDString = 6D86853428C1664A0022AF07;
			remoteInfo = WarGame;
		};
		6D86855028C1664B0022AF07 /* PBXContainerItemProxy */ = {
			isa = PBXContainerItemProxy;
			containerPortal = 6D86852D28C1664A0022AF07 /* Project object */;
			proxyType = 1;
			remoteGlobalIDString = 6D86853428C1664A0022AF07;
			remoteInfo = WarGame;
		};
/* End PBXContainerItemProxy section */

/* Begin PBXFileReference section */
		6D86853528C1664A0022AF07 /* WarGame.app */ = {isa = PBXFileReference; explicitFileType = wrapper.application; includeInIndex = 0; path = WarGame.app; sourceTree = BUILT_PRODUCTS_DIR; };
		6D86853828C1664A0022AF07 /* WarGameApp.swift */ = {isa = PBXFileReference; lastKnownFileType = sourcecode.swift; path = WarGameApp.swift; sourceTree = "<group>"; };
		6D86853A28C1664A0022AF07 /* ContentView.swift */ = {isa = PBXFileReference; lastKnownFileType = sourcecode.swift; path = ContentView.swift; sourceTree = "<group>"; };
		6D86853C28C1664B0022AF07 /* Assets.xcassets */ = {isa = PBXFileReference; lastKnownFileType = folder.assetcatalog; path = Assets.xcassets; sourceTree = "<group>"; };
		6D86853F28C1664B0022AF07 /* Preview Assets.xcassets */ = {isa = PBXFileReference; lastKnownFileType = folder.assetcatalog; path = "Preview Assets.xcassets"; sourceTree = "<group>"; };
		6D86854528C1664B0022AF07 /* WarGameTests.xctest */ = {isa = PBXFileReference; explicitFileType = wrapper.cfbundle; includeInIndex = 0; path = WarGameTests.xctest; sourceTree = BUILT_PRODUCTS_DIR; };
		6D86854928C1664B0022AF07 /* WarGameTests.swift */ = {isa = PBXFileReference; lastKnownFileType = sourcecode.swift; path = WarGameTests.swift; sourceTree = "<group>"; };
		6D86854F28C1664B0022AF07 /* WarGameUITests.xctest */ = {isa = PBXFileReference; explicitFileType = wrapper.cfbundle; includeInIndex = 0; path = WarGameUITests.xctest; sourceTree = BUILT_PRODUCTS_DIR; };
		6D86855328C1664B0022AF07 /* WarGameUITests.swift */ = {isa = PBXFileReference; lastKnownFileType = sourcecode.swift; path = WarGameUITests.swift; sourceTree = "<group>"; };
		6D86855528C1664B0022AF07 /* WarGameUITestsLaunchTests.swift */ = {isa = PBXFileReference; lastKnownFileType = sourcecode.swift; path = WarGameUITestsLaunchTests.swift; sourceTree = "<group>"; };
/* End PBXFileReference section */

/* Begin PBXFrameworksBuildPhase section */
		6D86853228C1664A0022AF07 /* Frameworks */ = {
			isa = PBXFrameworksBuildPhase;
			buildActionMask = 2147483647;
			files = (
			);
			runOnlyForDeploymentPostprocessing = 0;
		};
		6D86854228C1664B0022AF07 /* Frameworks */ = {
			isa = PBXFrameworksBuildPhase;
			buildActionMask = 2147483647;
			files = (
			);
			runOnlyForDeploymentPostprocessing = 0;
		};
		6D86854C28C1664B0022AF07 /* Frameworks */ = {
			isa = PBXFrameworksBuildPhase;
			buildActionMask = 2147483647;
			files = (
			);
			runOnlyForDeploymentPostprocessing = 0;
		};
/* End PBXFrameworksBuildPhase section */

/* Begin PBXGroup section */
		6D86852C28C1664A0022AF07 = {
			isa = PBXGroup;
			children = (
				6D86853728C1664A0022AF07 /* WarGame */,
				6D86854828C1664B0022AF07 /* WarGameTests */,
				6D86855228C1664B0022AF07 /* WarGameUITests */,
				6D86853628C1664A0022AF07 /* Products */,
			);
			sourceTree = "<group>";
		};
		6D86853628C1664A0022AF07 /* Products */ = {
			isa = PBXGroup;
			children = (
				6D86853528C1664A0022AF07 /* WarGame.app */,
				6D86854528C1664B0022AF07 /* WarGameTests.xctest */,
				6D86854F28C1664B0022AF07 /* WarGameUITests.xctest */,
			);
			name = Products;
			sourceTree = "<group>";
		};
		6D86853728C1664A0022AF07 /* WarGame */ = {
			isa = PBXGroup;
			children = (
				6D86853828C1664A0022AF07 /* WarGameApp.swift */,
				6D86853A28C1664A0022AF07 /* ContentView.swift */,
				6D86853C28C1664B0022AF07 /* Assets.xcassets */,
				6D86853E28C1664B0022AF07 /* Preview Content */,
			);
			path = WarGame;
			sourceTree = "<group>";
		};
		6D86853E28C1664B0022AF07 /* Preview Content */ = {
			isa = PBXGroup;
			children = (
				6D86853F28C1664B0022AF07 /* Preview Assets.xcassets */,
			);
			path = "Preview Content";
			sourceTree = "<group>";
		};
		6D86854828C1664B0022AF07 /* WarGameTests */ = {
			isa = PBXGroup;
			children = (
				6D86854928C1664B0022AF07 /* WarGameTests.swift */,
			);
			path = WarGameTests;
			sourceTree = "<group>";
		};
		6D86855228C1664B0022AF07 /* WarGameUITests */ = {
			isa = PBXGroup;
			children = (
				6D86855328C1664B0022AF07 /* WarGameUITests.swift */,
				6D86855528C1664B0022AF07 /* WarGameUITestsLaunchTests.swift */,
			);
			path = WarGameUITests;
			sourceTree = "<group>";
		};
/* End PBXGroup section */

/* Begin PBXNativeTarget section */
		6D86853428C1664A0022AF07 /* WarGame */ = {
			isa = PBXNativeTarget;
			buildConfigurationList = 6D86855928C1664B0022AF07 /* Build configuration list for PBXNativeTarget "WarGame" */;
			buildPhases = (
				6D86853128C1664A0022AF07 /* Sources */,
				6D86853228C1664A0022AF07 /* Frameworks */,
				6D86853328C1664A0022AF07 /* Resources */,
			);
			buildRules = (
			);
			dependencies = (
			);
			name = WarGame;
			productName = WarGame;
			productReference = 6D86853528C1664A0022AF07 /* WarGame.app */;
			productType = "com.apple.product-type.application";
		};
		6D86854428C1664B0022AF07 /* WarGameTests */ = {
			isa = PBXNativeTarget;
			buildConfigurationList = 6D86855C28C1664B0022AF07 /* Build configuration list for PBXNativeTarget "WarGameTests" */;
			buildPhases = (
				6D86854128C1664B0022AF07 /* Sources */,
				6D86854228C1664B0022AF07 /* Frameworks */,
				6D86854328C1664B0022AF07 /* Resources */,
			);
			buildRules = (
			);
			dependencies = (
				6D86854728C1664B0022AF07 /* PBXTargetDependency */,
			);
			name = WarGameTests;
			productName = WarGameTests;
			productReference = 6D86854528C1664B0022AF07 /* WarGameTests.xctest */;
			productType = "com.apple.product-type.bundle.unit-test";
		};
		6D86854E28C1664B0022AF07 /* WarGameUITests */ = {
			isa = PBXNativeTarget;
			buildConfigurationList = 6D86855F28C1664B0022AF07 /* Build configuration list for PBXNativeTarget "WarGameUITests" */;
			buildPhases = (
				6D86854B28C1664B0022AF07 /* Sources */,
				6D86854C28C1664B0022AF07 /* Frameworks */,
				6D86854D28C1664B0022AF07 /* Resources */,
			);
			buildRules = (
			);
			dependencies = (
				6D86855128C1664B0022AF07 /* PBXTargetDependency */,
			);
			name = WarGameUITests;
			productName = WarGameUITests;
			productReference = 6D86854F28C1664B0022AF07 /* WarGameUITests.xctest */;
			productType = "com.apple.product-type.bundle.ui-testing";
		};
/* End PBXNativeTarget section */

/* Begin PBXProject section */
		6D86852D28C1664A0022AF07 /* Project object */ = {
			isa = PBXProject;
			attributes = {
				BuildIndependentTargetsInParallel = 1;
				LastSwiftUpdateCheck = 1340;
				LastUpgradeCheck = 1340;
				TargetAttributes = {
					6D86853428C1664A0022AF07 = {
						CreatedOnToolsVersion = 13.4.1;
					};
					6D86854428C1664B0022AF07 = {
						CreatedOnToolsVersion = 13.4.1;
						TestTargetID = 6D86853428C1664A0022AF07;
					};
					6D86854E28C1664B0022AF07 = {
						CreatedOnToolsVersion = 13.4.1;
						TestTargetID = 6D86853428C1664A0022AF07;
					};
				};
			};
			buildConfigurationList = 6D86853028C1664A0022AF07 /* Build configuration list for PBXProject "WarGame" */;
			compatibilityVersion = "Xcode 13.0";
			developmentRegion = en;
			hasScannedForEncodings = 0;
			knownRegions = (
				en,
				Base,
			);
			mainGroup = 6D86852C28C1664A0022AF07;
			productRefGroup = 6D86853628C1664A0022AF07 /* Products */;
			projectDirPath = "";
			projectRoot = "";
			targets = (
				6D86853428C1664A0022AF07 /* WarGame */,
				6D86854428C1664B0022AF07 /* WarGameTests */,
				6D86854E28C1664B0022AF07 /* WarGameUITests */,
			);
		};
/* End PBXProject section */

/* Begin PBXResourcesBuildPhase section */
		6D86853328C1664A0022AF07 /* Resources */ = {
			isa = PBXResourcesBuildPhase;
			buildActionMask = 2147483647;
			files = (
				6D86854028C1664B0022AF07 /* Preview Assets.xcassets in Resources */,
				6D86853D28C1664B0022AF07 /* Assets.xcassets in Resources */,
			);
			runOnlyForDeploymentPostprocessing = 0;
		};
		6D86854328C1664B0022AF07 /* Resources */ = {
			isa = PBXResourcesBuildPhase;
			buildActionMask = 2147483647;
			files = (
			);
			runOnlyForDeploymentPostprocessing = 0;
		};
		6D86854D28C1664B0022AF07 /* Resources */ = {
			isa = PBXResourcesBuildPhase;
			buildActionMask = 2147483647;
			files = (
			);
			runOnlyForDeploymentPostprocessing = 0;
		};
/* End PBXResourcesBuildPhase section */

/* Begin PBXSourcesBuildPhase section */
		6D86853128C1664A0022AF07 /* Sources */ = {
			isa = PBXSourcesBuildPhase;
			buildActionMask = 2147483647;
			files = (
				6D86853B28C1664A0022AF07 /* ContentView.swift in Sources */,
				6D86853928C1664A0022AF07 /* WarGameApp.swift in Sources */,
			);
			runOnlyForDeploymentPostprocessing = 0;
		};
		6D86854128C1664B0022AF07 /* Sources */ = {
			isa = PBXSourcesBuildPhase;
			buildActionMask = 2147483647;
			files = (
				6D86854A28C1664B0022AF07 /* WarGameTests.swift in Sources */,
			);
			runOnlyForDeploymentPostprocessing = 0;
		};
		6D86854B28C1664B0022AF07 /* Sources */ = {
			isa = PBXSourcesBuildPhase;
			buildActionMask = 2147483647;
			files = (
				6D86855428C1664B0022AF07 /* WarGameUITests.swift in Sources */,
				6D86855628C1664B0022AF07 /* WarGameUITestsLaunchTests.swift in Sources */,
			);
			runOnlyForDeploymentPostprocessing = 0;
		};
/* End PBXSourcesBuildPhase section */

/* Begin PBXTargetDependency section */
		6D86854728C1664B0022AF07 /* PBXTargetDependency */ = {
			isa = PBXTargetDependency;
			target = 6D86853428C1664A0022AF07 /* WarGame */;
			targetProxy = 6D86854628C1664B0022AF07 /* PBXContainerItemProxy */;
		};
		6D86855128C1664B0022AF07 /* PBXTargetDependency */ = {
			isa = PBXTargetDependency;
			target = 6D86853428C1664A0022AF07 /* WarGame */;
			targetProxy = 6D86855028C1664B0022AF07 /* PBXContainerItemProxy */;
		};
/* End PBXTargetDependency section */

/* Begin XCBuildConfiguration section */
		6D86855728C1664B0022AF07 /* Debug */ = {
			isa = XCBuildConfiguration;
			buildSettings = {
				ALWAYS_SEARCH_USER_PATHS = NO;
				CLANG_ANALYZER_NONNULL = YES;
				CLANG_ANALYZER_NUMBER_OBJECT_CONVERSION = YES_AGGRESSIVE;
				CLANG_CXX_LANGUAGE_STANDARD = "gnu++17";
				CLANG_ENABLE_MODULES = YES;
				CLANG_ENABLE_OBJC_ARC = YES;
				CLANG_ENABLE_OBJC_WEAK = YES;
				CLANG_WARN_BLOCK_CAPTURE_AUTORELEASING = YES;
				CLANG_WARN_BOOL_CONVERSION = YES;
				CLANG_WARN_COMMA = YES;
				CLANG_WARN_CONSTANT_CONVERSION = YES;
				CLANG_WARN_DEPRECATED_OBJC_IMPLEMENTATIONS = YES;
				CLANG_WARN_DIRECT_OBJC_ISA_USAGE = YES_ERROR;
				CLANG_WARN_DOCUMENTATION_COMMENTS = YES;
				CLANG_WARN_EMPTY_BODY = YES;
				CLANG_WARN_ENUM_CONVERSION = YES;
				CLANG_WARN_INFINITE_RECURSION = YES;
				CLANG_WARN_INT_CONVERSION = YES;
				CLANG_WARN_NON_LITERAL_NULL_CONVERSION = YES;
				CLANG_WARN_OBJC_IMPLICIT_RETAIN_SELF = YES;
				CLANG_WARN_OBJC_LITERAL_CONVERSION = YES;
				CLANG_WARN_OBJC_ROOT_CLASS = YES_ERROR;
				CLANG_WARN_QUOTED_INCLUDE_IN_FRAMEWORK_HEADER = YES;
				CLANG_WARN_RANGE_LOOP_ANALYSIS = YES;
				CLANG_WARN_STRICT_PROTOTYPES = YES;
				CLANG_WARN_SUSPICIOUS_MOVE = YES;
				CLANG_WARN_UNGUARDED_AVAILABILITY = YES_AGGRESSIVE;
				CLANG_WARN_UNREACHABLE_CODE = YES;
				CLANG_WARN__DUPLICATE_METHOD_MATCH = YES;
				COPY_PHASE_STRIP = NO;
				DEBUG_INFORMATION_FORMAT = dwarf;
				ENABLE_STRICT_OBJC_MSGSEND = YES;
				ENABLE_TESTABILITY = YES;
				GCC_C_LANGUAGE_STANDARD = gnu11;
				GCC_DYNAMIC_NO_PIC = NO;
				GCC_NO_COMMON_BLOCKS = YES;
				GCC_OPTIMIZATION_LEVEL = 0;
				GCC_PREPROCESSOR_DEFINITIONS = (
					"DEBUG=1",
					"$(inherited)",
				);
				GCC_WARN_64_TO_32_BIT_CONVERSION = YES;
				GCC_WARN_ABOUT_RETURN_TYPE = YES_ERROR;
				GCC_WARN_UNDECLARED_SELECTOR = YES;
				GCC_WARN_UNINITIALIZED_AUTOS = YES_AGGRESSIVE;
				GCC_WARN_UNUSED_FUNCTION = YES;
				GCC_WARN_UNUSED_VARIABLE = YES;
				IPHONEOS_DEPLOYMENT_TARGET = 15.5;
				MTL_ENABLE_DEBUG_INFO = INCLUDE_SOURCE;
				MTL_FAST_MATH = YES;
				ONLY_ACTIVE_ARCH = YES;
				SDKROOT = iphoneos;
				SWIFT_ACTIVE_COMPILATION_CONDITIONS = DEBUG;
				SWIFT_OPTIMIZATION_LEVEL = "-Onone";
			};
			name = Debug;
		};
		6D86855828C1664B0022AF07 /* Release */ = {
			isa = XCBuildConfiguration;
			buildSettings = {
				ALWAYS_SEARCH_USER_PATHS = NO;
				CLANG_ANALYZER_NONNULL = YES;
				CLANG_ANALYZER_NUMBER_OBJECT_CONVERSION = YES_AGGRESSIVE;
				CLANG_CXX_LANGUAGE_STANDARD = "gnu++17";
				CLANG_ENABLE_MODULES = YES;
				CLANG_ENABLE_OBJC_ARC = YES;
				CLANG_ENABLE_OBJC_WEAK = YES;
				CLANG_WARN_BLOCK_CAPTURE_AUTORELEASING = YES;
				CLANG_WARN_BOOL_CONVERSION = YES;
				CLANG_WARN_COMMA = YES;
				CLANG_WARN_CONSTANT_CONVERSION = YES;
				CLANG_WARN_DEPRECATED_OBJC_IMPLEMENTATIONS = YES;
				CLANG_WARN_DIRECT_OBJC_ISA_USAGE = YES_ERROR;
				CLANG_WARN_DOCUMENTATION_COMMENTS = YES;
				CLANG_WARN_EMPTY_BODY = YES;
				CLANG_WARN_ENUM_CONVERSION = YES;
				CLANG_WARN_INFINITE_RECURSION = YES;
				CLANG_WARN_INT_CONVERSION = YES;
				CLANG_WARN_NON_LITERAL_NULL_CONVERSION = YES;
				CLANG_WARN_OBJC_IMPLICIT_RETAIN_SELF = YES;
				CLANG_WARN_OBJC_LITERAL_CONVERSION = YES;
				CLANG_WARN_OBJC_ROOT_CLASS = YES_ERROR;
				CLANG_WARN_QUOTED_INCLUDE_IN_FRAMEWORK_HEADER = YES;
				CLANG_WARN_RANGE_LOOP_ANALYSIS = YES;
				CLANG_WARN_STRICT_PROTOTYPES = YES;
				CLANG_WARN_SUSPICIOUS_MOVE = YES;
				CLANG_WARN_UNGUARDED_AVAILABILITY = YES_AGGRESSIVE;
				CLANG_WARN_UNREACHABLE_CODE = YES;
				CLANG_WARN__DUPLICATE_METHOD_MATCH = YES;
				COPY_PHASE_STRIP = NO;
				DEBUG_INFORMATION_FORMAT = "dwarf-with-dsym";
				ENABLE_NS_ASSERTIONS = NO;
				ENABLE_STRICT_OBJC_MSGSEND = YES;
				GCC_C_LANGUAGE_STANDARD = gnu11;
				GCC_NO_COMMON_BLOCKS = YES;
				GCC_WARN_64_TO_32_BIT_CONVERSION = YES;
				GCC_WARN_ABOUT_RETURN_TYPE = YES_ERROR;
				GCC_WARN_UNDECLARED_SELECTOR = YES;
				GCC_WARN_UNINITIALIZED_AUTOS = YES_AGGRESSIVE;
				GCC_WARN_UNUSED_FUNCTION = YES;
				GCC_WARN_UNUSED_VARIABLE = YES;
				IPHONEOS_DEPLOYMENT_TARGET = 15.5;
				MTL_ENABLE_DEBUG_INFO = NO;
				MTL_FAST_MATH = YES;
				SDKROOT = iphoneos;
				SWIFT_COMPILATION_MODE = wholemodule;
				SWIFT_OPTIMIZATION_LEVEL = "-O";
				VALIDATE_PRODUCT = YES;
			};
			name = Release;
		};
		6D86855A28C1664B0022AF07 /* Debug */ = {
			isa = XCBuildConfiguration;
			buildSettings = {
				ASSETCATALOG_COMPILER_APPICON_NAME = AppIcon;
				ASSETCATALOG_COMPILER_GLOBAL_ACCENT_COLOR_NAME = AccentColor;
				CODE_SIGN_STYLE = Automatic;
				CURRENT_PROJECT_VERSION = 1;
				DEVELOPMENT_ASSET_PATHS = "\"WarGame/Preview Content\"";
				DEVELOPMENT_TEAM = RK3TZUDBYD;
				ENABLE_PREVIEWS = YES;
				GENERATE_INFOPLIST_FILE = YES;
				INFOPLIST_KEY_UIApplicationSceneManifest_Generation = YES;
				INFOPLIST_KEY_UIApplicationSupportsIndirectInputEvents = YES;
				INFOPLIST_KEY_UILaunchScreen_Generation = YES;
				INFOPLIST_KEY_UISupportedInterfaceOrientations_iPad = "UIInterfaceOrientationPortrait UIInterfaceOrientationPortraitUpsideDown UIInterfaceOrientationLandscapeLeft UIInterfaceOrientationLandscapeRight";
				INFOPLIST_KEY_UISupportedInterfaceOrientations_iPhone = "UIInterfaceOrientationPortrait UIInterfaceOrientationLandscapeLeft UIInterfaceOrientationLandscapeRight";
				LD_RUNPATH_SEARCH_PATHS = (
					"$(inherited)",
					"@executable_path/Frameworks",
				);
				MARKETING_VERSION = 1.0;
				PRODUCT_BUNDLE_IDENTIFIER = Amine.WarGame;
				PRODUCT_NAME = "$(TARGET_NAME)";
				SWIFT_EMIT_LOC_STRINGS = YES;
				SWIFT_VERSION = 5.0;
				TARGETED_DEVICE_FAMILY = "1,2";
			};
			name = Debug;
		};
		6D86855B28C1664B0022AF07 /* Release */ = {
			isa = XCBuildConfiguration;
			buildSettings = {
				ASSETCATALOG_COMPILER_APPICON_NAME = AppIcon;
				ASSETCATALOG_COMPILER_GLOBAL_ACCENT_COLOR_NAME = AccentColor;
				CODE_SIGN_STYLE = Automatic;
				CURRENT_PROJECT_VERSION = 1;
				DEVELOPMENT_ASSET_PATHS = "\"WarGame/Preview Content\"";
				DEVELOPMENT_TEAM = RK3TZUDBYD;
				ENABLE_PREVIEWS = YES;
				GENERATE_INFOPLIST_FILE = YES;
				INFOPLIST_KEY_UIApplicationSceneManifest_Generation = YES;
				INFOPLIST_KEY_UIApplicationSupportsIndirectInputEvents = YES;
				INFOPLIST_KEY_UILaunchScreen_Generation = YES;
				INFOPLIST_KEY_UISupportedInterfaceOrientations_iPad = "UIInterfaceOrientationPortrait UIInterfaceOrientationPortraitUpsideDown UIInterfaceOrientationLandscapeLeft UIInterfaceOrientationLandscapeRight";
				INFOPLIST_KEY_UISupportedInterfaceOrientations_iPhone = "UIInterfaceOrientationPortrait UIInterfaceOrientationLandscapeLeft UIInterfaceOrientationLandscapeRight";
				LD_RUNPATH_SEARCH_PATHS = (
					"$(inherited)",
					"@executable_path/Frameworks",
				);
				MARKETING_VERSION = 1.0;
				PRODUCT_BUNDLE_IDENTIFIER = Amine.WarGame;
				PRODUCT_NAME = "$(TARGET_NAME)";
				SWIFT_EMIT_LOC_STRINGS = YES;
				SWIFT_VERSION = 5.0;
				TARGETED_DEVICE_FAMILY = "1,2";
			};
			name = Release;
		};
		6D86855D28C1664B0022AF07 /* Debug */ = {
			isa = XCBuildConfiguration;
			buildSettings = {
				ALWAYS_EMBED_SWIFT_STANDARD_LIBRARIES = YES;
				BUNDLE_LOADER = "$(TEST_HOST)";
				CODE_SIGN_STYLE = Automatic;
				CURRENT_PROJECT_VERSION = 1;
				DEVELOPMENT_TEAM = RK3TZUDBYD;
				GENERATE_INFOPLIST_FILE = YES;
				IPHONEOS_DEPLOYMENT_TARGET = 15.5;
				MARKETING_VERSION = 1.0;
				PRODUCT_BUNDLE_IDENTIFIER = Amine.WarGameTests;
				PRODUCT_NAME = "$(TARGET_NAME)";
				SWIFT_EMIT_LOC_STRINGS = NO;
				SWIFT_VERSION = 5.0;
				TARGETED_DEVICE_FAMILY = "1,2";
				TEST_HOST = "$(BUILT_PRODUCTS_DIR)/WarGame.app/WarGame";
			};
			name = Debug;
		};
		6D86855E28C1664B0022AF07 /* Release */ = {
			isa = XCBuildConfiguration;
			buildSettings = {
				ALWAYS_EMBED_SWIFT_STANDARD_LIBRARIES = YES;
				BUNDLE_LOADER = "$(TEST_HOST)";
				CODE_SIGN_STYLE = Automatic;
				CURRENT_PROJECT_VERSION = 1;
				DEVELOPMENT_TEAM = RK3TZUDBYD;
				GENERATE_INFOPLIST_FILE = YES;
				IPHONEOS_DEPLOYMENT_TARGET = 15.5;
				MARKETING_VERSION = 1.0;
				PRODUCT_BUNDLE_IDENTIFIER = Amine.WarGameTests;
				PRODUCT_NAME = "$(TARGET_NAME)";
				SWIFT_EMIT_LOC_STRINGS = NO;
				SWIFT_VERSION = 5.0;
				TARGETED_DEVICE_FAMILY = "1,2";
				TEST_HOST = "$(BUILT_PRODUCTS_DIR)/WarGame.app/WarGame";
			};
			name = Release;
		};
		6D86856028C1664B0022AF07 /* Debug */ = {
			isa = XCBuildConfiguration;
			buildSettings = {
				ALWAYS_EMBED_SWIFT_STANDARD_LIBRARIES = YES;
				CODE_SIGN_STYLE = Automatic;
				CURRENT_PROJECT_VERSION = 1;
				DEVELOPMENT_TEAM = RK3TZUDBYD;
				GENERATE_INFOPLIST_FILE = YES;
				MARKETING_VERSION = 1.0;
				PRODUCT_BUNDLE_IDENTIFIER = Amine.WarGameUITests;
				PRODUCT_NAME = "$(TARGET_NAME)";
				SWIFT_EMIT_LOC_STRINGS = NO;
				SWIFT_VERSION = 5.0;
				TARGETED_DEVICE_FAMILY = "1,2";
				TEST_TARGET_NAME = WarGame;
			};
			name = Debug;
		};
		6D86856128C1664B0022AF07 /* Release */ = {
			isa = XCBuildConfiguration;
			buildSettings = {
				ALWAYS_EMBED_SWIFT_STANDARD_LIBRARIES = YES;
				CODE_SIGN_STYLE = Automatic;
				CURRENT_PROJECT_VERSION = 1;
				DEVELOPMENT_TEAM = RK3TZUDBYD;
				GENERATE_INFOPLIST_FILE = YES;
				MARKETING_VERSION = 1.0;
				PRODUCT_BUNDLE_IDENTIFIER = Amine.WarGameUITests;
				PRODUCT_NAME = "$(TARGET_NAME)";
				SWIFT_EMIT_LOC_STRINGS = NO;
				SWIFT_VERSION = 5.0;
				TARGETED_DEVICE_FAMILY = "1,2";
				TEST_TARGET_NAME = WarGame;
			};
			name = Release;
		};
/* End XCBuildConfiguration section */

/* Begin XCConfigurationList section */
		6D86853028C1664A0022AF07 /* Build configuration list for PBXProject "WarGame" */ = {
			isa = XCConfigurationList;
			buildConfigurations = (
				6D86855728C1664B0022AF07 /* Debug */,
				6D86855828C1664B0022AF07 /* Release */,
			);
			defaultConfigurationIsVisible = 0;
			defaultConfigurationName = Release;
		};
		6D86855928C1664B0022AF07 /* Build configuration list for PBXNativeTarget "WarGame" */ = {
			isa = XCConfigurationList;
			buildConfigurations = (
				6D86855A28C1664B0022AF07 /* Debug */,
				6D86855B28C1664B0022AF07 /* Release */,
			);
			defaultConfigurationIsVisible = 0;
			defaultConfigurationName = Release;
		};
		6D86855C28C1664B0022AF07 /* Build configuration list for PBXNativeTarget "WarGameTests" */ = {
			isa = XCConfigurationList;
			buildConfigurations = (
				6D86855D28C1664B0022AF07 /* Debug */,
				6D86855E28C1664B0022AF07 /* Release */,
			);
			defaultConfigurationIsVisible = 0;
			defaultConfigurationName = Release;
		};
		6D86855F28C1664B0022AF07 /* Build configuration list for PBXNativeTarget "WarGameUITests" */ = {
			isa = XCConfigurationList;
			buildConfigurations = (
				6D86856028C1664B0022AF07 /* Debug */,
				6D86856128C1664B0022AF07 /* Release */,
			);
			defaultConfigurationIsVisible = 0;
			defaultConfigurationName = Release;
		};
/* End XCConfigurationList section */
	};
	rootObject = 6D86852D28C1664A0022AF07 /* Project object */;
}
